{
  "object": {
    "pins": [
      {
        "package": "CodableCSV",
        "repositoryURL": "https://github.com/dehesa/CodableCSV.git",
        "state": {
          "branch": null,
          "revision": "7223016cee159d3a1f323c23ba19d9703cf3ce13",
          "version": "0.6.5"
        }
      },
      {
        "package": "hmrc-fx",
        "repositoryURL": "https://github.com/sodastsai/hmrc-fx.git",
        "state": {
          "branch": null,
          "revision": "b37cc91f75044718e06b0d9061039fdb17bd5d42",
          "version": "0.4.0"
        }
      },
      {
        "package": "swift-argument-parser",
        "repositoryURL": "https://github.com/apple/swift-argument-parser",
        "state": {
          "branch": null,
          "revision": "9564d61b08a5335ae0a36f789a7d71493eacadfc",
          "version": "0.3.2"
        }
      },
      {
        "package": "XMLCoder",
        "repositoryURL": "https://github.com/MaxDesiatov/XMLCoder.git",
        "state": {
          "branch": null,
          "revision": "b8fa7fe4c0849f8a64cc246e71c5d976809222e4",
          "version": "0.12.0"
        }
      }
    ]
  },
  "version": 1
}
