{
  "object": {
    "pins": [
      {
        "package": "cgtcalc",
        "repositoryURL": "https://github.com/sodastsai/cgtcalc.git",
        "state": {
          "branch": "main",
          "revision": "2ebd1691efc3adebc85bf015628741d69ee687bc",
          "version": null
        }
      },
      {
        "package": "CodableCSV",
        "repositoryURL": "https://github.com/dehesa/CodableCSV.git",
        "state": {
          "branch": null,
          "revision": "82ee81e7cdb0700f1d6574dbec314872dce5003e",
          "version": "0.6.6"
        }
      },
      {
        "package": "hmrc-fx",
        "repositoryURL": "https://github.com/sodastsai/hmrc-fx.git",
        "state": {
          "branch": null,
          "revision": "ded36f7becb87b36b8611768b9d3d36fce75a8cd",
          "version": "0.5.1"
        }
      },
      {
        "package": "Regex",
        "repositoryURL": "https://github.com/sindresorhus/Regex.git",
        "state": {
          "branch": null,
          "revision": "bbaeb150734853a5a18af26d3ca050eb11238aa4",
          "version": "0.1.1"
        }
      },
      {
        "package": "swift-argument-parser",
        "repositoryURL": "https://github.com/apple/swift-argument-parser",
        "state": {
          "branch": null,
          "revision": "83b23d940471b313427da226196661856f6ba3e0",
          "version": "0.4.4"
        }
      },
      {
        "package": "XMLCoder",
        "repositoryURL": "https://github.com/MaxDesiatov/XMLCoder.git",
        "state": {
          "branch": null,
          "revision": "b8fa7fe4c0849f8a64cc246e71c5d976809222e4",
          "version": "0.12.0"
        }
      }
    ]
  },
  "version": 1
}
